
Microsoft Visual Studio Solution File, Format Version 12.00
# Visual Studio 15
VisualStudioVersion = 15.0.28307.779
MinimumVisualStudioVersion = 10.0.40219.1
Project("{FAE04EC0-301F-11D3-BF4B-00C04F79EFBC}") = "practicando01", "practicando01\practicando01.csproj", "{DB76F312-D518-4E32-B95C-C3527F4BF8A0}"
EndProject
Global
	GlobalSection(SolutionConfigurationPlatforms) = preSolution
		Debug|Any CPU = Debug|Any CPU
		Release|Any CPU = Release|Any CPU
	EndGlobalSection
	GlobalSection(ProjectConfigurationPlatforms) = postSolution
		{DB76F312-D518-4E32-B95C-C3527F4BF8A0}.Debug|Any CPU.ActiveCfg = Debug|Any CPU
		{DB76F312-D518-4E32-B95C-C3527F4BF8A0}.Debug|Any CPU.Build.0 = Debug|Any CPU
		{DB76F312-D518-4E32-B95C-C3527F4BF8A0}.Release|Any CPU.ActiveCfg = Release|Any CPU
		{DB76F312-D518-4E32-B95C-C3527F4BF8A0}.Release|Any CPU.Build.0 = Release|Any CPU
	EndGlobalSection
	GlobalSection(SolutionProperties) = preSolution
		HideSolutionNode = FALSE
	EndGlobalSection
	GlobalSection(ExtensibilityGlobals) = postSolution
		SolutionGuid = {813974C3-EE7F-49F4-AAA8-3220369F55A9}
	EndGlobalSection
EndGlobal
